
Microsoft Visual Studio Solution File, Format Version 12.00
# Visual Studio Version 16
VisualStudioVersion = 25.0.1706.5
MinimumVisualStudioVersion = 10.0.40219.1
Project("{FAE04EC0-301F-11D3-BF4B-00C04F79EFBC}") = "FinanceApp", "FinanceApp\FinanceApp.csproj", "{B83C4AAF-1896-4A71-8A84-6B76EC401F08}"
EndProject
Project("{FAE04EC0-301F-11D3-BF4B-00C04F79EFBC}") = "FinanceLibrary", "FinanceLibrary\FinanceLibrary.csproj", "{5B5A5C09-B5FF-445C-A86B-DBF653122FBE}"
EndProject
Project("{FAE04EC0-301F-11D3-BF4B-00C04F79EFBC}") = "FinanceFacade", "FinanceFacade\FinanceFacade.csproj", "{0B3DB5B4-DC5B-48B5-BAF6-AED22E186342}"
EndProject
Project("{FAE04EC0-301F-11D3-BF4B-00C04F79EFBC}") = "FinanceCommands", "FinanceCommands\FinanceCommands.csproj", "{093FB982-CB88-4D24-A709-09C94E2F15A1}"
EndProject
Project("{FAE04EC0-301F-11D3-BF4B-00C04F79EFBC}") = "FinanceDataImporterExporter", "FinanceDataImporterExporter\FinanceDataImporterExporter.csproj", "{FE158BF9-C56F-4E45-B261-02B4407982D7}"
EndProject
Global
	GlobalSection(SolutionConfigurationPlatforms) = preSolution
		Debug|Any CPU = Debug|Any CPU
		Release|Any CPU = Release|Any CPU
	EndGlobalSection
	GlobalSection(ProjectConfigurationPlatforms) = postSolution
		{B83C4AAF-1896-4A71-8A84-6B76EC401F08}.Debug|Any CPU.ActiveCfg = Debug|Any CPU
		{B83C4AAF-1896-4A71-8A84-6B76EC401F08}.Debug|Any CPU.Build.0 = Debug|Any CPU
		{B83C4AAF-1896-4A71-8A84-6B76EC401F08}.Release|Any CPU.ActiveCfg = Release|Any CPU
		{B83C4AAF-1896-4A71-8A84-6B76EC401F08}.Release|Any CPU.Build.0 = Release|Any CPU
		{5B5A5C09-B5FF-445C-A86B-DBF653122FBE}.Debug|Any CPU.ActiveCfg = Debug|Any CPU
		{5B5A5C09-B5FF-445C-A86B-DBF653122FBE}.Debug|Any CPU.Build.0 = Debug|Any CPU
		{5B5A5C09-B5FF-445C-A86B-DBF653122FBE}.Release|Any CPU.ActiveCfg = Release|Any CPU
		{5B5A5C09-B5FF-445C-A86B-DBF653122FBE}.Release|Any CPU.Build.0 = Release|Any CPU
		{0B3DB5B4-DC5B-48B5-BAF6-AED22E186342}.Debug|Any CPU.ActiveCfg = Debug|Any CPU
		{0B3DB5B4-DC5B-48B5-BAF6-AED22E186342}.Debug|Any CPU.Build.0 = Debug|Any CPU
		{0B3DB5B4-DC5B-48B5-BAF6-AED22E186342}.Release|Any CPU.ActiveCfg = Release|Any CPU
		{0B3DB5B4-DC5B-48B5-BAF6-AED22E186342}.Release|Any CPU.Build.0 = Release|Any CPU
		{093FB982-CB88-4D24-A709-09C94E2F15A1}.Debug|Any CPU.ActiveCfg = Debug|Any CPU
		{093FB982-CB88-4D24-A709-09C94E2F15A1}.Debug|Any CPU.Build.0 = Debug|Any CPU
		{093FB982-CB88-4D24-A709-09C94E2F15A1}.Release|Any CPU.ActiveCfg = Release|Any CPU
		{093FB982-CB88-4D24-A709-09C94E2F15A1}.Release|Any CPU.Build.0 = Release|Any CPU
		{FE158BF9-C56F-4E45-B261-02B4407982D7}.Debug|Any CPU.ActiveCfg = Debug|Any CPU
		{FE158BF9-C56F-4E45-B261-02B4407982D7}.Debug|Any CPU.Build.0 = Debug|Any CPU
		{FE158BF9-C56F-4E45-B261-02B4407982D7}.Release|Any CPU.ActiveCfg = Release|Any CPU
		{FE158BF9-C56F-4E45-B261-02B4407982D7}.Release|Any CPU.Build.0 = Release|Any CPU
	EndGlobalSection
	GlobalSection(SolutionProperties) = preSolution
		HideSolutionNode = FALSE
	EndGlobalSection
	GlobalSection(ExtensibilityGlobals) = postSolution
		SolutionGuid = {429BE253-F035-4335-B6B5-2DF1AB2ECBFB}
	EndGlobalSection
EndGlobal
